
Microsoft Visual Studio Solution File, Format Version 12.00
# Visual Studio Version 17
VisualStudioVersion = 17.10.35122.118
MinimumVisualStudioVersion = 10.0.40219.1
Project("{FAE04EC0-301F-11D3-BF4B-00C04F79EFBC}") = "LargestSubsum", "LargestSubsum.csproj", "{3493B9C8-F737-4C22-BE4E-5E5F0AF6C2A3}"
EndProject
Global
	GlobalSection(SolutionConfigurationPlatforms) = preSolution
		Debug|Any CPU = Debug|Any CPU
		Release|Any CPU = Release|Any CPU
	EndGlobalSection
	GlobalSection(ProjectConfigurationPlatforms) = postSolution
		{3493B9C8-F737-4C22-BE4E-5E5F0AF6C2A3}.Debug|Any CPU.ActiveCfg = Debug|Any CPU
		{3493B9C8-F737-4C22-BE4E-5E5F0AF6C2A3}.Debug|Any CPU.Build.0 = Debug|Any CPU
		{3493B9C8-F737-4C22-BE4E-5E5F0AF6C2A3}.Release|Any CPU.ActiveCfg = Release|Any CPU
		{3493B9C8-F737-4C22-BE4E-5E5F0AF6C2A3}.Release|Any CPU.Build.0 = Release|Any CPU
	EndGlobalSection
	GlobalSection(SolutionProperties) = preSolution
		HideSolutionNode = FALSE
	EndGlobalSection
	GlobalSection(ExtensibilityGlobals) = postSolution
		SolutionGuid = {516D4A58-7073-41D3-A9CF-53BF21531124}
	EndGlobalSection
EndGlobal
