
Microsoft Visual Studio Solution File, Format Version 12.00
# Visual Studio Version 17
VisualStudioVersion = 17.10.35122.118
MinimumVisualStudioVersion = 10.0.40219.1
Project("{FAE04EC0-301F-11D3-BF4B-00C04F79EFBC}") = "KthSelectionAnalysis", "KthSelectionAnalysis.csproj", "{EE21A3C5-569C-4B53-AE9C-E9F45DDD8657}"
EndProject
Global
	GlobalSection(SolutionConfigurationPlatforms) = preSolution
		Debug|Any CPU = Debug|Any CPU
		Release|Any CPU = Release|Any CPU
	EndGlobalSection
	GlobalSection(ProjectConfigurationPlatforms) = postSolution
		{EE21A3C5-569C-4B53-AE9C-E9F45DDD8657}.Debug|Any CPU.ActiveCfg = Debug|Any CPU
		{EE21A3C5-569C-4B53-AE9C-E9F45DDD8657}.Debug|Any CPU.Build.0 = Debug|Any CPU
		{EE21A3C5-569C-4B53-AE9C-E9F45DDD8657}.Release|Any CPU.ActiveCfg = Release|Any CPU
		{EE21A3C5-569C-4B53-AE9C-E9F45DDD8657}.Release|Any CPU.Build.0 = Release|Any CPU
	EndGlobalSection
	GlobalSection(SolutionProperties) = preSolution
		HideSolutionNode = FALSE
	EndGlobalSection
	GlobalSection(ExtensibilityGlobals) = postSolution
		SolutionGuid = {3109E761-FCFB-48A2-996A-AD1AC851C64F}
	EndGlobalSection
EndGlobal
