
Microsoft Visual Studio Solution File, Format Version 12.00
# Visual Studio Version 17
VisualStudioVersion = 17.10.35122.118
MinimumVisualStudioVersion = 10.0.40219.1
Project("{FAE04EC0-301F-11D3-BF4B-00C04F79EFBC}") = "MinMaxAndBinarySearch", "MinMaxAndBinarySearch.csproj", "{166AA38F-C4A4-4CCE-A464-235B86644447}"
EndProject
Global
	GlobalSection(SolutionConfigurationPlatforms) = preSolution
		Debug|Any CPU = Debug|Any CPU
		Release|Any CPU = Release|Any CPU
	EndGlobalSection
	GlobalSection(ProjectConfigurationPlatforms) = postSolution
		{166AA38F-C4A4-4CCE-A464-235B86644447}.Debug|Any CPU.ActiveCfg = Debug|Any CPU
		{166AA38F-C4A4-4CCE-A464-235B86644447}.Debug|Any CPU.Build.0 = Debug|Any CPU
		{166AA38F-C4A4-4CCE-A464-235B86644447}.Release|Any CPU.ActiveCfg = Release|Any CPU
		{166AA38F-C4A4-4CCE-A464-235B86644447}.Release|Any CPU.Build.0 = Release|Any CPU
	EndGlobalSection
	GlobalSection(SolutionProperties) = preSolution
		HideSolutionNode = FALSE
	EndGlobalSection
	GlobalSection(ExtensibilityGlobals) = postSolution
		SolutionGuid = {D29E6BAD-7388-45C5-8C3B-06DC9128045E}
	EndGlobalSection
EndGlobal
