
Microsoft Visual Studio Solution File, Format Version 12.00
# Visual Studio Version 17
VisualStudioVersion = 17.10.35122.118
MinimumVisualStudioVersion = 10.0.40219.1
Project("{FAE04EC0-301F-11D3-BF4B-00C04F79EFBC}") = "ArrayOperationsAnalysis", "ArrayOperationsAnalysis.csproj", "{3339B66B-4C34-4BD5-A77B-25B1E6D66D54}"
EndProject
Global
	GlobalSection(SolutionConfigurationPlatforms) = preSolution
		Debug|Any CPU = Debug|Any CPU
		Release|Any CPU = Release|Any CPU
	EndGlobalSection
	GlobalSection(ProjectConfigurationPlatforms) = postSolution
		{3339B66B-4C34-4BD5-A77B-25B1E6D66D54}.Debug|Any CPU.ActiveCfg = Debug|Any CPU
		{3339B66B-4C34-4BD5-A77B-25B1E6D66D54}.Debug|Any CPU.Build.0 = Debug|Any CPU
		{3339B66B-4C34-4BD5-A77B-25B1E6D66D54}.Release|Any CPU.ActiveCfg = Release|Any CPU
		{3339B66B-4C34-4BD5-A77B-25B1E6D66D54}.Release|Any CPU.Build.0 = Release|Any CPU
	EndGlobalSection
	GlobalSection(SolutionProperties) = preSolution
		HideSolutionNode = FALSE
	EndGlobalSection
	GlobalSection(ExtensibilityGlobals) = postSolution
		SolutionGuid = {D8597BB9-F885-4F93-8219-C927ABADDAA4}
	EndGlobalSection
EndGlobal
